
Microsoft Visual Studio Solution File, Format Version 12.00
# Visual Studio Version 16
VisualStudioVersion = 16.0.30413.136
MinimumVisualStudioVersion = 10.0.40219.1
Project("{9A19103F-16F7-4668-BE54-9A1E7A4F7556}") = "SPS_Starter", "SPS-Starter\SPS_Starter.csproj", "{9E3FBE10-E20A-4C7C-B597-62037B659888}"
EndProject
Global
	GlobalSection(SolutionConfigurationPlatforms) = preSolution
		Debug|Any CPU = Debug|Any CPU
		Release|Any CPU = Release|Any CPU
	EndGlobalSection
	GlobalSection(ProjectConfigurationPlatforms) = postSolution
		{9E3FBE10-E20A-4C7C-B597-62037B659888}.Debug|Any CPU.ActiveCfg = Debug|Any CPU
		{9E3FBE10-E20A-4C7C-B597-62037B659888}.Debug|Any CPU.Build.0 = Debug|Any CPU
		{9E3FBE10-E20A-4C7C-B597-62037B659888}.Release|Any CPU.ActiveCfg = Release|Any CPU
		{9E3FBE10-E20A-4C7C-B597-62037B659888}.Release|Any CPU.Build.0 = Release|Any CPU
	EndGlobalSection
	GlobalSection(SolutionProperties) = preSolution
		HideSolutionNode = FALSE
	EndGlobalSection
	GlobalSection(ExtensibilityGlobals) = postSolution
		SolutionGuid = {1DE91970-39EA-4548-B9BA-56E4CC6C1CF0}
	EndGlobalSection
EndGlobal
